
Microsoft Visual Studio Solution File, Format Version 12.00
# Visual Studio Version 16
VisualStudioVersion = 16.0.31313.79
MinimumVisualStudioVersion = 10.0.40219.1
Project("{FAE04EC0-301F-11D3-BF4B-00C04F79EFBC}") = "PaillApp", "PaillApp\PaillApp.csproj", "{35B9A315-F01F-4717-9D8D-DCEEE4C3454C}"
EndProject
Global
	GlobalSection(SolutionConfigurationPlatforms) = preSolution
		Debug|Any CPU = Debug|Any CPU
		Release|Any CPU = Release|Any CPU
	EndGlobalSection
	GlobalSection(ProjectConfigurationPlatforms) = postSolution
		{35B9A315-F01F-4717-9D8D-DCEEE4C3454C}.Debug|Any CPU.ActiveCfg = Debug|Any CPU
		{35B9A315-F01F-4717-9D8D-DCEEE4C3454C}.Debug|Any CPU.Build.0 = Debug|Any CPU
		{35B9A315-F01F-4717-9D8D-DCEEE4C3454C}.Release|Any CPU.ActiveCfg = Release|Any CPU
		{35B9A315-F01F-4717-9D8D-DCEEE4C3454C}.Release|Any CPU.Build.0 = Release|Any CPU
	EndGlobalSection
	GlobalSection(SolutionProperties) = preSolution
		HideSolutionNode = FALSE
	EndGlobalSection
	GlobalSection(ExtensibilityGlobals) = postSolution
		SolutionGuid = {E953D67F-AE59-41AD-AD4D-E0570DFFADB3}
	EndGlobalSection
EndGlobal
